
Microsoft Visual Studio Solution File, Format Version 12.00
# Visual Studio Version 16
VisualStudioVersion = 16.0.28803.156
MinimumVisualStudioVersion = 10.0.40219.1
Project("{FAE04EC0-301F-11D3-BF4B-00C04F79EFBC}") = "RazerChroma.Net", "RazerChroma.Net\RazerChroma.Net.csproj", "{A67DCC95-E385-4831-9917-8176E09694C4}"
EndProject
Project("{FAE04EC0-301F-11D3-BF4B-00C04F79EFBC}") = "RazerChromaTester", "RazerChromaTester\RazerChromaTester.csproj", "{8F617ACD-0A80-45F6-85B9-CB6860BA04C6}"
	ProjectSection(ProjectDependencies) = postProject
		{E2B73402-A508-486A-B509-50E3265335D7} = {E2B73402-A508-486A-B509-50E3265335D7}
		{92E7471C-69A6-4BB6-A9BE-B06C168878AF} = {92E7471C-69A6-4BB6-A9BE-B06C168878AF}
		{0CA8D31D-F8B3-45F6-850F-5A174FB6F12C} = {0CA8D31D-F8B3-45F6-850F-5A174FB6F12C}
		{7E9F8128-6AED-4182-86A0-51590C2E2AA7} = {7E9F8128-6AED-4182-86A0-51590C2E2AA7}
		{1AB4BD28-B50F-44FC-A55A-85B160BFA648} = {1AB4BD28-B50F-44FC-A55A-85B160BFA648}
		{58DCF031-4991-47B3-B083-4D905CA91F6C} = {58DCF031-4991-47B3-B083-4D905CA91F6C}
		{F2496035-51BC-46DC-B57E-678A66F192B9} = {F2496035-51BC-46DC-B57E-678A66F192B9}
		{9B10D23E-C1C5-40F3-B097-FD120D8FC225} = {9B10D23E-C1C5-40F3-B097-FD120D8FC225}
		{55F31249-D1AA-4F87-A515-BB1B2F05A823} = {55F31249-D1AA-4F87-A515-BB1B2F05A823}
		{5AFE0F4E-BE5C-44BD-A94E-36E6971184AE} = {5AFE0F4E-BE5C-44BD-A94E-36E6971184AE}
		{7BD6AF58-4FEB-46B1-9DD8-155ADFCEC56E} = {7BD6AF58-4FEB-46B1-9DD8-155ADFCEC56E}
		{DBBC135B-003C-4CB1-B301-51CC9A5B444E} = {DBBC135B-003C-4CB1-B301-51CC9A5B444E}
		{7A163A5B-96F1-44F4-86AA-E610F93E57D3} = {7A163A5B-96F1-44F4-86AA-E610F93E57D3}
		{6F5BB761-CC19-4812-AE96-0E061A2CBE2D} = {6F5BB761-CC19-4812-AE96-0E061A2CBE2D}
		{4880FE89-C8F4-474F-A467-BD5B76E00E68} = {4880FE89-C8F4-474F-A467-BD5B76E00E68}
		{EBB64595-ACDB-40B4-A632-B2EA8109E9FD} = {EBB64595-ACDB-40B4-A632-B2EA8109E9FD}
		{08C2289B-55F6-430A-B0A7-7524F998C44A} = {08C2289B-55F6-430A-B0A7-7524F998C44A}
		{CED3FCA0-CD24-4D52-A35A-E6066A610E08} = {CED3FCA0-CD24-4D52-A35A-E6066A610E08}
		{70C377A6-41B4-4DC7-873E-4D0A72D83453} = {70C377A6-41B4-4DC7-873E-4D0A72D83453}
		{A3F232AA-F930-4FBF-BF30-77A8D21191CB} = {A3F232AA-F930-4FBF-BF30-77A8D21191CB}
		{23C641BB-B6D9-494D-B1C0-BEDABAD28879} = {23C641BB-B6D9-494D-B1C0-BEDABAD28879}
		{7D97F5BB-92C6-4288-81CF-5FFCF4E77275} = {7D97F5BB-92C6-4288-81CF-5FFCF4E77275}
		{D48913D3-AD22-475D-BF64-19499205A443} = {D48913D3-AD22-475D-BF64-19499205A443}
		{0B5E10EE-9BF4-454C-83F2-5478691FC579} = {0B5E10EE-9BF4-454C-83F2-5478691FC579}
		{50CC82F5-7E52-4E18-B6A5-7C5DD11ADE82} = {50CC82F5-7E52-4E18-B6A5-7C5DD11ADE82}
		{EE1A0EFB-56EE-42B3-9CC7-2DD83DAFE80D} = {EE1A0EFB-56EE-42B3-9CC7-2DD83DAFE80D}
	EndProjectSection
EndProject
Project("{2150E333-8FDC-42A3-9474-1A3956D46DE8}") = "RazeChromaDevices", "RazeChromaDevices", "{A672F943-7F37-4B6B-A0B7-A4CF13484D17}"
EndProject
Project("{FAE04EC0-301F-11D3-BF4B-00C04F79EFBC}") = "RazerChromaDevice", "RazerChromaDevice\RazerChromaDevice.csproj", "{08C2289B-55F6-430A-B0A7-7524F998C44A}"
EndProject
Project("{FAE04EC0-301F-11D3-BF4B-00C04F79EFBC}") = "RazerBlackWidowXChroma.Device", "Devices\RazerBlackWidowXChroma.Device\RazerBlackWidowXChroma.Device.csproj", "{0B5E10EE-9BF4-454C-83F2-5478691FC579}"
EndProject
Project("{FAE04EC0-301F-11D3-BF4B-00C04F79EFBC}") = "RazerBlackWidowTournamentEditionChroma.Device", "Devices\RazerBlackWidowTournamentEditionChroma.Device\RazerBlackWidowTournamentEditionChroma.Device.csproj", "{EE1A0EFB-56EE-42B3-9CC7-2DD83DAFE80D}"
EndProject
Project("{FAE04EC0-301F-11D3-BF4B-00C04F79EFBC}") = "RazerNagaChroma.Device", "Devices\RazerNagaChroma.Device\RazerNagaChroma.Device.csproj", "{7D97F5BB-92C6-4288-81CF-5FFCF4E77275}"
EndProject
Project("{FAE04EC0-301F-11D3-BF4B-00C04F79EFBC}") = "OverwatchRazerDeathAdderElite.Device", "Devices\OverwatchRazerDeathAdderElite.Device\OverwatchRazerDeathAdderElite.Device.csproj", "{CED3FCA0-CD24-4D52-A35A-E6066A610E08}"
EndProject
Project("{FAE04EC0-301F-11D3-BF4B-00C04F79EFBC}") = "RazerBlackWidowChromaV2.Device", "Devices\RazerBlackWidowChromaV2.Device\RazerBlackWidowChromaV2.Device.csproj", "{F2496035-51BC-46DC-B57E-678A66F192B9}"
EndProject
Project("{FAE04EC0-301F-11D3-BF4B-00C04F79EFBC}") = "RazerBlackWidowXTournamentEditionChroma.Device", "Devices\RazerBlackWidowXTournamentEditionChroma.Device\RazerBlackWidowXTournamentEditionChroma.Device.csproj", "{5AFE0F4E-BE5C-44BD-A94E-36E6971184AE}"
EndProject
Project("{FAE04EC0-301F-11D3-BF4B-00C04F79EFBC}") = "RazerOrnataChroma.Device", "Devices\RazerOrnataChroma.Device\RazerOrnataChroma.Device.csproj", "{50CC82F5-7E52-4E18-B6A5-7C5DD11ADE82}"
EndProject
Project("{FAE04EC0-301F-11D3-BF4B-00C04F79EFBC}") = "RazerBladePro17.Device", "Devices\RazerBladePro17.Device\RazerBladePro17.Device.csproj", "{E2B73402-A508-486A-B509-50E3265335D7}"
EndProject
Project("{FAE04EC0-301F-11D3-BF4B-00C04F79EFBC}") = "TheNewRazerBlade15.Device", "Devices\TheNewRazerBlade15.Device\TheNewRazerBlade15.Device.csproj", "{7A163A5B-96F1-44F4-86AA-E610F93E57D3}"
EndProject
Project("{FAE04EC0-301F-11D3-BF4B-00C04F79EFBC}") = "RazerDeathAdderElite.Device", "Devices\RazerDeathAdderElite.Device\RazerDeathAdderElite.Device.csproj", "{7BD6AF58-4FEB-46B1-9DD8-155ADFCEC56E}"
EndProject
Project("{FAE04EC0-301F-11D3-BF4B-00C04F79EFBC}") = "RazerMambaTournamentEdition.Device", "Devices\RazerMambaTournamentEdition.Device\RazerMambaTournamentEdition.Device.csproj", "{4880FE89-C8F4-474F-A467-BD5B76E00E68}"
EndProject
Project("{FAE04EC0-301F-11D3-BF4B-00C04F79EFBC}") = "RazerCoreXChroma.Device", "Devices\RazerCoreXChroma.Device\RazerCoreXChroma.Device.csproj", "{EBB64595-ACDB-40B4-A632-B2EA8109E9FD}"
EndProject
Project("{FAE04EC0-301F-11D3-BF4B-00C04F79EFBC}") = "RazerNommoChroma.Device", "Devices\RazerNommoChroma.Device\RazerNommoChroma.Device.csproj", "{7E9F8128-6AED-4182-86A0-51590C2E2AA7}"
EndProject
Project("{FAE04EC0-301F-11D3-BF4B-00C04F79EFBC}") = "RazerNagaEpicChroma.Device", "Devices\RazerNagaEpicChroma.Device\RazerNagaEpicChroma.Device.csproj", "{23C641BB-B6D9-494D-B1C0-BEDABAD28879}"
EndProject
Project("{FAE04EC0-301F-11D3-BF4B-00C04F79EFBC}") = "RazerCynosaChroma.Device", "Devices\RazerCynosaChroma.Device\RazerCynosaChroma.Device.csproj", "{1AB4BD28-B50F-44FC-A55A-85B160BFA648}"
EndProject
Project("{FAE04EC0-301F-11D3-BF4B-00C04F79EFBC}") = "RazerGoliathusChroma.Device", "Devices\RazerGoliathusChroma.Device\RazerGoliathusChroma.Device.csproj", "{92E7471C-69A6-4BB6-A9BE-B06C168878AF}"
EndProject
Project("{FAE04EC0-301F-11D3-BF4B-00C04F79EFBC}") = "RazerNagaHexV2.Device", "Devices\RazerNagaHexV2.Device\RazerNagaHexV2.Device.csproj", "{6F5BB761-CC19-4812-AE96-0E061A2CBE2D}"
EndProject
Project("{FAE04EC0-301F-11D3-BF4B-00C04F79EFBC}") = "RazerCynosaChromaPro.Device", "Devices\RazerCynosaChromaPro.Device\RazerCynosaChromaPro.Device.csproj", "{9B10D23E-C1C5-40F3-B097-FD120D8FC225}"
EndProject
Project("{FAE04EC0-301F-11D3-BF4B-00C04F79EFBC}") = "RazerOrbweaverChroma.Device", "Devices\RazerOrbweaverChroma.Device\RazerOrbweaverChroma.Device.csproj", "{58DCF031-4991-47B3-B083-4D905CA91F6C}"
EndProject
Project("{FAE04EC0-301F-11D3-BF4B-00C04F79EFBC}") = "RazerFireflyHardEdition.Device", "Devices\RazerFireflyHardEdition.Device\RazerFireflyHardEdition.Device.csproj", "{D48913D3-AD22-475D-BF64-19499205A443}"
EndProject
Project("{FAE04EC0-301F-11D3-BF4B-00C04F79EFBC}") = "RazerTartarusV2.Device", "Devices\RazerTartarusV2.Device\RazerTartarusV2.Device.csproj", "{0CA8D31D-F8B3-45F6-850F-5A174FB6F12C}"
EndProject
Project("{FAE04EC0-301F-11D3-BF4B-00C04F79EFBC}") = "RazerLaptopStandChroma.Device", "Devices\RazerLaptopStandChroma.Device\RazerLaptopStandChroma.Device.csproj", "{DBBC135B-003C-4CB1-B301-51CC9A5B444E}"
EndProject
Project("{FAE04EC0-301F-11D3-BF4B-00C04F79EFBC}") = "TheNewRazerBladeStealth13.Device", "Devices\TheNewRazerBladeStealth13.Device\TheNewRazerBladeStealth13.Device.csproj", "{55F31249-D1AA-4F87-A515-BB1B2F05A823}"
EndProject
Project("{FAE04EC0-301F-11D3-BF4B-00C04F79EFBC}") = "RazerBladeStealth13.Device", "Devices\RazerBladeStealth13.Device\RazerBladeStealth13.Device.csproj", "{70C377A6-41B4-4DC7-873E-4D0A72D83453}"
EndProject
Project("{FAE04EC0-301F-11D3-BF4B-00C04F79EFBC}") = "RazerCoreV2.Device", "Devices\RazerCoreV2.Device\RazerCoreV2.Device.csproj", "{A3F232AA-F930-4FBF-BF30-77A8D21191CB}"
EndProject
Project("{FAE04EC0-301F-11D3-BF4B-00C04F79EFBC}") = "RazerChromaFrameEngine", "RazerChromaFrameEngine\RazerChromaFrameEngine.csproj", "{809327E0-D91C-4F77-A1EE-7D242D59E433}"
EndProject
Global
	GlobalSection(SolutionConfigurationPlatforms) = preSolution
		Debug|Any CPU = Debug|Any CPU
		Debug|x64 = Debug|x64
		Debug|x86 = Debug|x86
		Release|Any CPU = Release|Any CPU
		Release|x64 = Release|x64
		Release|x86 = Release|x86
	EndGlobalSection
	GlobalSection(ProjectConfigurationPlatforms) = postSolution
		{A67DCC95-E385-4831-9917-8176E09694C4}.Debug|Any CPU.ActiveCfg = Debug|Any CPU
		{A67DCC95-E385-4831-9917-8176E09694C4}.Debug|Any CPU.Build.0 = Debug|Any CPU
		{A67DCC95-E385-4831-9917-8176E09694C4}.Debug|x64.ActiveCfg = Debug|Any CPU
		{A67DCC95-E385-4831-9917-8176E09694C4}.Debug|x64.Build.0 = Debug|Any CPU
		{A67DCC95-E385-4831-9917-8176E09694C4}.Debug|x86.ActiveCfg = Debug|Any CPU
		{A67DCC95-E385-4831-9917-8176E09694C4}.Debug|x86.Build.0 = Debug|Any CPU
		{A67DCC95-E385-4831-9917-8176E09694C4}.Release|Any CPU.ActiveCfg = Release|Any CPU
		{A67DCC95-E385-4831-9917-8176E09694C4}.Release|Any CPU.Build.0 = Release|Any CPU
		{A67DCC95-E385-4831-9917-8176E09694C4}.Release|x64.ActiveCfg = Release|Any CPU
		{A67DCC95-E385-4831-9917-8176E09694C4}.Release|x64.Build.0 = Release|Any CPU
		{A67DCC95-E385-4831-9917-8176E09694C4}.Release|x86.ActiveCfg = Release|Any CPU
		{A67DCC95-E385-4831-9917-8176E09694C4}.Release|x86.Build.0 = Release|Any CPU
		{8F617ACD-0A80-45F6-85B9-CB6860BA04C6}.Debug|Any CPU.ActiveCfg = Debug|Any CPU
		{8F617ACD-0A80-45F6-85B9-CB6860BA04C6}.Debug|Any CPU.Build.0 = Debug|Any CPU
		{8F617ACD-0A80-45F6-85B9-CB6860BA04C6}.Debug|x64.ActiveCfg = Debug|Any CPU
		{8F617ACD-0A80-45F6-85B9-CB6860BA04C6}.Debug|x64.Build.0 = Debug|Any CPU
		{8F617ACD-0A80-45F6-85B9-CB6860BA04C6}.Debug|x86.ActiveCfg = Debug|Any CPU
		{8F617ACD-0A80-45F6-85B9-CB6860BA04C6}.Debug|x86.Build.0 = Debug|Any CPU
		{8F617ACD-0A80-45F6-85B9-CB6860BA04C6}.Release|Any CPU.ActiveCfg = Release|Any CPU
		{8F617ACD-0A80-45F6-85B9-CB6860BA04C6}.Release|Any CPU.Build.0 = Release|Any CPU
		{8F617ACD-0A80-45F6-85B9-CB6860BA04C6}.Release|x64.ActiveCfg = Release|Any CPU
		{8F617ACD-0A80-45F6-85B9-CB6860BA04C6}.Release|x64.Build.0 = Release|Any CPU
		{8F617ACD-0A80-45F6-85B9-CB6860BA04C6}.Release|x86.ActiveCfg = Release|Any CPU
		{8F617ACD-0A80-45F6-85B9-CB6860BA04C6}.Release|x86.Build.0 = Release|Any CPU
		{08C2289B-55F6-430A-B0A7-7524F998C44A}.Debug|Any CPU.ActiveCfg = Debug|Any CPU
		{08C2289B-55F6-430A-B0A7-7524F998C44A}.Debug|Any CPU.Build.0 = Debug|Any CPU
		{08C2289B-55F6-430A-B0A7-7524F998C44A}.Debug|x64.ActiveCfg = Debug|Any CPU
		{08C2289B-55F6-430A-B0A7-7524F998C44A}.Debug|x64.Build.0 = Debug|Any CPU
		{08C2289B-55F6-430A-B0A7-7524F998C44A}.Debug|x86.ActiveCfg = Debug|Any CPU
		{08C2289B-55F6-430A-B0A7-7524F998C44A}.Debug|x86.Build.0 = Debug|Any CPU
		{08C2289B-55F6-430A-B0A7-7524F998C44A}.Release|Any CPU.ActiveCfg = Release|Any CPU
		{08C2289B-55F6-430A-B0A7-7524F998C44A}.Release|Any CPU.Build.0 = Release|Any CPU
		{08C2289B-55F6-430A-B0A7-7524F998C44A}.Release|x64.ActiveCfg = Release|Any CPU
		{08C2289B-55F6-430A-B0A7-7524F998C44A}.Release|x64.Build.0 = Release|Any CPU
		{08C2289B-55F6-430A-B0A7-7524F998C44A}.Release|x86.ActiveCfg = Release|Any CPU
		{08C2289B-55F6-430A-B0A7-7524F998C44A}.Release|x86.Build.0 = Release|Any CPU
		{0B5E10EE-9BF4-454C-83F2-5478691FC579}.Debug|Any CPU.ActiveCfg = Debug|Any CPU
		{0B5E10EE-9BF4-454C-83F2-5478691FC579}.Debug|Any CPU.Build.0 = Debug|Any CPU
		{0B5E10EE-9BF4-454C-83F2-5478691FC579}.Debug|x64.ActiveCfg = Debug|Any CPU
		{0B5E10EE-9BF4-454C-83F2-5478691FC579}.Debug|x64.Build.0 = Debug|Any CPU
		{0B5E10EE-9BF4-454C-83F2-5478691FC579}.Debug|x86.ActiveCfg = Debug|Any CPU
		{0B5E10EE-9BF4-454C-83F2-5478691FC579}.Debug|x86.Build.0 = Debug|Any CPU
		{0B5E10EE-9BF4-454C-83F2-5478691FC579}.Release|Any CPU.ActiveCfg = Release|Any CPU
		{0B5E10EE-9BF4-454C-83F2-5478691FC579}.Release|Any CPU.Build.0 = Release|Any CPU
		{0B5E10EE-9BF4-454C-83F2-5478691FC579}.Release|x64.ActiveCfg = Release|Any CPU
		{0B5E10EE-9BF4-454C-83F2-5478691FC579}.Release|x64.Build.0 = Release|Any CPU
		{0B5E10EE-9BF4-454C-83F2-5478691FC579}.Release|x86.ActiveCfg = Release|Any CPU
		{0B5E10EE-9BF4-454C-83F2-5478691FC579}.Release|x86.Build.0 = Release|Any CPU
		{EE1A0EFB-56EE-42B3-9CC7-2DD83DAFE80D}.Debug|Any CPU.ActiveCfg = Debug|Any CPU
		{EE1A0EFB-56EE-42B3-9CC7-2DD83DAFE80D}.Debug|Any CPU.Build.0 = Debug|Any CPU
		{EE1A0EFB-56EE-42B3-9CC7-2DD83DAFE80D}.Debug|x64.ActiveCfg = Debug|Any CPU
		{EE1A0EFB-56EE-42B3-9CC7-2DD83DAFE80D}.Debug|x64.Build.0 = Debug|Any CPU
		{EE1A0EFB-56EE-42B3-9CC7-2DD83DAFE80D}.Debug|x86.ActiveCfg = Debug|Any CPU
		{EE1A0EFB-56EE-42B3-9CC7-2DD83DAFE80D}.Debug|x86.Build.0 = Debug|Any CPU
		{EE1A0EFB-56EE-42B3-9CC7-2DD83DAFE80D}.Release|Any CPU.ActiveCfg = Release|Any CPU
		{EE1A0EFB-56EE-42B3-9CC7-2DD83DAFE80D}.Release|Any CPU.Build.0 = Release|Any CPU
		{EE1A0EFB-56EE-42B3-9CC7-2DD83DAFE80D}.Release|x64.ActiveCfg = Release|Any CPU
		{EE1A0EFB-56EE-42B3-9CC7-2DD83DAFE80D}.Release|x64.Build.0 = Release|Any CPU
		{EE1A0EFB-56EE-42B3-9CC7-2DD83DAFE80D}.Release|x86.ActiveCfg = Release|Any CPU
		{EE1A0EFB-56EE-42B3-9CC7-2DD83DAFE80D}.Release|x86.Build.0 = Release|Any CPU
		{7D97F5BB-92C6-4288-81CF-5FFCF4E77275}.Debug|Any CPU.ActiveCfg = Debug|Any CPU
		{7D97F5BB-92C6-4288-81CF-5FFCF4E77275}.Debug|Any CPU.Build.0 = Debug|Any CPU
		{7D97F5BB-92C6-4288-81CF-5FFCF4E77275}.Debug|x64.ActiveCfg = Debug|Any CPU
		{7D97F5BB-92C6-4288-81CF-5FFCF4E77275}.Debug|x64.Build.0 = Debug|Any CPU
		{7D97F5BB-92C6-4288-81CF-5FFCF4E77275}.Debug|x86.ActiveCfg = Debug|Any CPU
		{7D97F5BB-92C6-4288-81CF-5FFCF4E77275}.Debug|x86.Build.0 = Debug|Any CPU
		{7D97F5BB-92C6-4288-81CF-5FFCF4E77275}.Release|Any CPU.ActiveCfg = Release|Any CPU
		{7D97F5BB-92C6-4288-81CF-5FFCF4E77275}.Release|Any CPU.Build.0 = Release|Any CPU
		{7D97F5BB-92C6-4288-81CF-5FFCF4E77275}.Release|x64.ActiveCfg = Release|Any CPU
		{7D97F5BB-92C6-4288-81CF-5FFCF4E77275}.Release|x64.Build.0 = Release|Any CPU
		{7D97F5BB-92C6-4288-81CF-5FFCF4E77275}.Release|x86.ActiveCfg = Release|Any CPU
		{7D97F5BB-92C6-4288-81CF-5FFCF4E77275}.Release|x86.Build.0 = Release|Any CPU
		{CED3FCA0-CD24-4D52-A35A-E6066A610E08}.Debug|Any CPU.ActiveCfg = Debug|Any CPU
		{CED3FCA0-CD24-4D52-A35A-E6066A610E08}.Debug|Any CPU.Build.0 = Debug|Any CPU
		{CED3FCA0-CD24-4D52-A35A-E6066A610E08}.Debug|x64.ActiveCfg = Debug|Any CPU
		{CED3FCA0-CD24-4D52-A35A-E6066A610E08}.Debug|x64.Build.0 = Debug|Any CPU
		{CED3FCA0-CD24-4D52-A35A-E6066A610E08}.Debug|x86.ActiveCfg = Debug|Any CPU
		{CED3FCA0-CD24-4D52-A35A-E6066A610E08}.Debug|x86.Build.0 = Debug|Any CPU
		{CED3FCA0-CD24-4D52-A35A-E6066A610E08}.Release|Any CPU.ActiveCfg = Release|Any CPU
		{CED3FCA0-CD24-4D52-A35A-E6066A610E08}.Release|Any CPU.Build.0 = Release|Any CPU
		{CED3FCA0-CD24-4D52-A35A-E6066A610E08}.Release|x64.ActiveCfg = Release|Any CPU
		{CED3FCA0-CD24-4D52-A35A-E6066A610E08}.Release|x64.Build.0 = Release|Any CPU
		{CED3FCA0-CD24-4D52-A35A-E6066A610E08}.Release|x86.ActiveCfg = Release|Any CPU
		{CED3FCA0-CD24-4D52-A35A-E6066A610E08}.Release|x86.Build.0 = Release|Any CPU
		{F2496035-51BC-46DC-B57E-678A66F192B9}.Debug|Any CPU.ActiveCfg = Debug|Any CPU
		{F2496035-51BC-46DC-B57E-678A66F192B9}.Debug|Any CPU.Build.0 = Debug|Any CPU
		{F2496035-51BC-46DC-B57E-678A66F192B9}.Debug|x64.ActiveCfg = Debug|Any CPU
		{F2496035-51BC-46DC-B57E-678A66F192B9}.Debug|x64.Build.0 = Debug|Any CPU
		{F2496035-51BC-46DC-B57E-678A66F192B9}.Debug|x86.ActiveCfg = Debug|Any CPU
		{F2496035-51BC-46DC-B57E-678A66F192B9}.Debug|x86.Build.0 = Debug|Any CPU
		{F2496035-51BC-46DC-B57E-678A66F192B9}.Release|Any CPU.ActiveCfg = Release|Any CPU
		{F2496035-51BC-46DC-B57E-678A66F192B9}.Release|Any CPU.Build.0 = Release|Any CPU
		{F2496035-51BC-46DC-B57E-678A66F192B9}.Release|x64.ActiveCfg = Release|Any CPU
		{F2496035-51BC-46DC-B57E-678A66F192B9}.Release|x64.Build.0 = Release|Any CPU
		{F2496035-51BC-46DC-B57E-678A66F192B9}.Release|x86.ActiveCfg = Release|Any CPU
		{F2496035-51BC-46DC-B57E-678A66F192B9}.Release|x86.Build.0 = Release|Any CPU
		{5AFE0F4E-BE5C-44BD-A94E-36E6971184AE}.Debug|Any CPU.ActiveCfg = Debug|Any CPU
		{5AFE0F4E-BE5C-44BD-A94E-36E6971184AE}.Debug|Any CPU.Build.0 = Debug|Any CPU
		{5AFE0F4E-BE5C-44BD-A94E-36E6971184AE}.Debug|x64.ActiveCfg = Debug|Any CPU
		{5AFE0F4E-BE5C-44BD-A94E-36E6971184AE}.Debug|x64.Build.0 = Debug|Any CPU
		{5AFE0F4E-BE5C-44BD-A94E-36E6971184AE}.Debug|x86.ActiveCfg = Debug|Any CPU
		{5AFE0F4E-BE5C-44BD-A94E-36E6971184AE}.Debug|x86.Build.0 = Debug|Any CPU
		{5AFE0F4E-BE5C-44BD-A94E-36E6971184AE}.Release|Any CPU.ActiveCfg = Release|Any CPU
		{5AFE0F4E-BE5C-44BD-A94E-36E6971184AE}.Release|Any CPU.Build.0 = Release|Any CPU
		{5AFE0F4E-BE5C-44BD-A94E-36E6971184AE}.Release|x64.ActiveCfg = Release|Any CPU
		{5AFE0F4E-BE5C-44BD-A94E-36E6971184AE}.Release|x64.Build.0 = Release|Any CPU
		{5AFE0F4E-BE5C-44BD-A94E-36E6971184AE}.Release|x86.ActiveCfg = Release|Any CPU
		{5AFE0F4E-BE5C-44BD-A94E-36E6971184AE}.Release|x86.Build.0 = Release|Any CPU
		{50CC82F5-7E52-4E18-B6A5-7C5DD11ADE82}.Debug|Any CPU.ActiveCfg = Debug|Any CPU
		{50CC82F5-7E52-4E18-B6A5-7C5DD11ADE82}.Debug|Any CPU.Build.0 = Debug|Any CPU
		{50CC82F5-7E52-4E18-B6A5-7C5DD11ADE82}.Debug|x64.ActiveCfg = Debug|Any CPU
		{50CC82F5-7E52-4E18-B6A5-7C5DD11ADE82}.Debug|x64.Build.0 = Debug|Any CPU
		{50CC82F5-7E52-4E18-B6A5-7C5DD11ADE82}.Debug|x86.ActiveCfg = Debug|Any CPU
		{50CC82F5-7E52-4E18-B6A5-7C5DD11ADE82}.Debug|x86.Build.0 = Debug|Any CPU
		{50CC82F5-7E52-4E18-B6A5-7C5DD11ADE82}.Release|Any CPU.ActiveCfg = Release|Any CPU
		{50CC82F5-7E52-4E18-B6A5-7C5DD11ADE82}.Release|Any CPU.Build.0 = Release|Any CPU
		{50CC82F5-7E52-4E18-B6A5-7C5DD11ADE82}.Release|x64.ActiveCfg = Release|Any CPU
		{50CC82F5-7E52-4E18-B6A5-7C5DD11ADE82}.Release|x64.Build.0 = Release|Any CPU
		{50CC82F5-7E52-4E18-B6A5-7C5DD11ADE82}.Release|x86.ActiveCfg = Release|Any CPU
		{50CC82F5-7E52-4E18-B6A5-7C5DD11ADE82}.Release|x86.Build.0 = Release|Any CPU
		{E2B73402-A508-486A-B509-50E3265335D7}.Debug|Any CPU.ActiveCfg = Debug|Any CPU
		{E2B73402-A508-486A-B509-50E3265335D7}.Debug|Any CPU.Build.0 = Debug|Any CPU
		{E2B73402-A508-486A-B509-50E3265335D7}.Debug|x64.ActiveCfg = Debug|Any CPU
		{E2B73402-A508-486A-B509-50E3265335D7}.Debug|x64.Build.0 = Debug|Any CPU
		{E2B73402-A508-486A-B509-50E3265335D7}.Debug|x86.ActiveCfg = Debug|Any CPU
		{E2B73402-A508-486A-B509-50E3265335D7}.Debug|x86.Build.0 = Debug|Any CPU
		{E2B73402-A508-486A-B509-50E3265335D7}.Release|Any CPU.ActiveCfg = Release|Any CPU
		{E2B73402-A508-486A-B509-50E3265335D7}.Release|Any CPU.Build.0 = Release|Any CPU
		{E2B73402-A508-486A-B509-50E3265335D7}.Release|x64.ActiveCfg = Release|Any CPU
		{E2B73402-A508-486A-B509-50E3265335D7}.Release|x64.Build.0 = Release|Any CPU
		{E2B73402-A508-486A-B509-50E3265335D7}.Release|x86.ActiveCfg = Release|Any CPU
		{E2B73402-A508-486A-B509-50E3265335D7}.Release|x86.Build.0 = Release|Any CPU
		{7A163A5B-96F1-44F4-86AA-E610F93E57D3}.Debug|Any CPU.ActiveCfg = Debug|Any CPU
		{7A163A5B-96F1-44F4-86AA-E610F93E57D3}.Debug|Any CPU.Build.0 = Debug|Any CPU
		{7A163A5B-96F1-44F4-86AA-E610F93E57D3}.Debug|x64.ActiveCfg = Debug|Any CPU
		{7A163A5B-96F1-44F4-86AA-E610F93E57D3}.Debug|x64.Build.0 = Debug|Any CPU
		{7A163A5B-96F1-44F4-86AA-E610F93E57D3}.Debug|x86.ActiveCfg = Debug|Any CPU
		{7A163A5B-96F1-44F4-86AA-E610F93E57D3}.Debug|x86.Build.0 = Debug|Any CPU
		{7A163A5B-96F1-44F4-86AA-E610F93E57D3}.Release|Any CPU.ActiveCfg = Release|Any CPU
		{7A163A5B-96F1-44F4-86AA-E610F93E57D3}.Release|Any CPU.Build.0 = Release|Any CPU
		{7A163A5B-96F1-44F4-86AA-E610F93E57D3}.Release|x64.ActiveCfg = Release|Any CPU
		{7A163A5B-96F1-44F4-86AA-E610F93E57D3}.Release|x64.Build.0 = Release|Any CPU
		{7A163A5B-96F1-44F4-86AA-E610F93E57D3}.Release|x86.ActiveCfg = Release|Any CPU
		{7A163A5B-96F1-44F4-86AA-E610F93E57D3}.Release|x86.Build.0 = Release|Any CPU
		{7BD6AF58-4FEB-46B1-9DD8-155ADFCEC56E}.Debug|Any CPU.ActiveCfg = Debug|Any CPU
		{7BD6AF58-4FEB-46B1-9DD8-155ADFCEC56E}.Debug|Any CPU.Build.0 = Debug|Any CPU
		{7BD6AF58-4FEB-46B1-9DD8-155ADFCEC56E}.Debug|x64.ActiveCfg = Debug|Any CPU
		{7BD6AF58-4FEB-46B1-9DD8-155ADFCEC56E}.Debug|x64.Build.0 = Debug|Any CPU
		{7BD6AF58-4FEB-46B1-9DD8-155ADFCEC56E}.Debug|x86.ActiveCfg = Debug|Any CPU
		{7BD6AF58-4FEB-46B1-9DD8-155ADFCEC56E}.Debug|x86.Build.0 = Debug|Any CPU
		{7BD6AF58-4FEB-46B1-9DD8-155ADFCEC56E}.Release|Any CPU.ActiveCfg = Release|Any CPU
		{7BD6AF58-4FEB-46B1-9DD8-155ADFCEC56E}.Release|Any CPU.Build.0 = Release|Any CPU
		{7BD6AF58-4FEB-46B1-9DD8-155ADFCEC56E}.Release|x64.ActiveCfg = Release|Any CPU
		{7BD6AF58-4FEB-46B1-9DD8-155ADFCEC56E}.Release|x64.Build.0 = Release|Any CPU
		{7BD6AF58-4FEB-46B1-9DD8-155ADFCEC56E}.Release|x86.ActiveCfg = Release|Any CPU
		{7BD6AF58-4FEB-46B1-9DD8-155ADFCEC56E}.Release|x86.Build.0 = Release|Any CPU
		{4880FE89-C8F4-474F-A467-BD5B76E00E68}.Debug|Any CPU.ActiveCfg = Debug|Any CPU
		{4880FE89-C8F4-474F-A467-BD5B76E00E68}.Debug|Any CPU.Build.0 = Debug|Any CPU
		{4880FE89-C8F4-474F-A467-BD5B76E00E68}.Debug|x64.ActiveCfg = Debug|Any CPU
		{4880FE89-C8F4-474F-A467-BD5B76E00E68}.Debug|x64.Build.0 = Debug|Any CPU
		{4880FE89-C8F4-474F-A467-BD5B76E00E68}.Debug|x86.ActiveCfg = Debug|Any CPU
		{4880FE89-C8F4-474F-A467-BD5B76E00E68}.Debug|x86.Build.0 = Debug|Any CPU
		{4880FE89-C8F4-474F-A467-BD5B76E00E68}.Release|Any CPU.ActiveCfg = Release|Any CPU
		{4880FE89-C8F4-474F-A467-BD5B76E00E68}.Release|Any CPU.Build.0 = Release|Any CPU
		{4880FE89-C8F4-474F-A467-BD5B76E00E68}.Release|x64.ActiveCfg = Release|Any CPU
		{4880FE89-C8F4-474F-A467-BD5B76E00E68}.Release|x64.Build.0 = Release|Any CPU
		{4880FE89-C8F4-474F-A467-BD5B76E00E68}.Release|x86.ActiveCfg = Release|Any CPU
		{4880FE89-C8F4-474F-A467-BD5B76E00E68}.Release|x86.Build.0 = Release|Any CPU
		{EBB64595-ACDB-40B4-A632-B2EA8109E9FD}.Debug|Any CPU.ActiveCfg = Debug|Any CPU
		{EBB64595-ACDB-40B4-A632-B2EA8109E9FD}.Debug|Any CPU.Build.0 = Debug|Any CPU
		{EBB64595-ACDB-40B4-A632-B2EA8109E9FD}.Debug|x64.ActiveCfg = Debug|Any CPU
		{EBB64595-ACDB-40B4-A632-B2EA8109E9FD}.Debug|x64.Build.0 = Debug|Any CPU
		{EBB64595-ACDB-40B4-A632-B2EA8109E9FD}.Debug|x86.ActiveCfg = Debug|Any CPU
		{EBB64595-ACDB-40B4-A632-B2EA8109E9FD}.Debug|x86.Build.0 = Debug|Any CPU
		{EBB64595-ACDB-40B4-A632-B2EA8109E9FD}.Release|Any CPU.ActiveCfg = Release|Any CPU
		{EBB64595-ACDB-40B4-A632-B2EA8109E9FD}.Release|Any CPU.Build.0 = Release|Any CPU
		{EBB64595-ACDB-40B4-A632-B2EA8109E9FD}.Release|x64.ActiveCfg = Release|Any CPU
		{EBB64595-ACDB-40B4-A632-B2EA8109E9FD}.Release|x64.Build.0 = Release|Any CPU
		{EBB64595-ACDB-40B4-A632-B2EA8109E9FD}.Release|x86.ActiveCfg = Release|Any CPU
		{EBB64595-ACDB-40B4-A632-B2EA8109E9FD}.Release|x86.Build.0 = Release|Any CPU
		{7E9F8128-6AED-4182-86A0-51590C2E2AA7}.Debug|Any CPU.ActiveCfg = Debug|Any CPU
		{7E9F8128-6AED-4182-86A0-51590C2E2AA7}.Debug|Any CPU.Build.0 = Debug|Any CPU
		{7E9F8128-6AED-4182-86A0-51590C2E2AA7}.Debug|x64.ActiveCfg = Debug|Any CPU
		{7E9F8128-6AED-4182-86A0-51590C2E2AA7}.Debug|x64.Build.0 = Debug|Any CPU
		{7E9F8128-6AED-4182-86A0-51590C2E2AA7}.Debug|x86.ActiveCfg = Debug|Any CPU
		{7E9F8128-6AED-4182-86A0-51590C2E2AA7}.Debug|x86.Build.0 = Debug|Any CPU
		{7E9F8128-6AED-4182-86A0-51590C2E2AA7}.Release|Any CPU.ActiveCfg = Release|Any CPU
		{7E9F8128-6AED-4182-86A0-51590C2E2AA7}.Release|Any CPU.Build.0 = Release|Any CPU
		{7E9F8128-6AED-4182-86A0-51590C2E2AA7}.Release|x64.ActiveCfg = Release|Any CPU
		{7E9F8128-6AED-4182-86A0-51590C2E2AA7}.Release|x64.Build.0 = Release|Any CPU
		{7E9F8128-6AED-4182-86A0-51590C2E2AA7}.Release|x86.ActiveCfg = Release|Any CPU
		{7E9F8128-6AED-4182-86A0-51590C2E2AA7}.Release|x86.Build.0 = Release|Any CPU
		{23C641BB-B6D9-494D-B1C0-BEDABAD28879}.Debug|Any CPU.ActiveCfg = Debug|Any CPU
		{23C641BB-B6D9-494D-B1C0-BEDABAD28879}.Debug|Any CPU.Build.0 = Debug|Any CPU
		{23C641BB-B6D9-494D-B1C0-BEDABAD28879}.Debug|x64.ActiveCfg = Debug|Any CPU
		{23C641BB-B6D9-494D-B1C0-BEDABAD28879}.Debug|x64.Build.0 = Debug|Any CPU
		{23C641BB-B6D9-494D-B1C0-BEDABAD28879}.Debug|x86.ActiveCfg = Debug|Any CPU
		{23C641BB-B6D9-494D-B1C0-BEDABAD28879}.Debug|x86.Build.0 = Debug|Any CPU
		{23C641BB-B6D9-494D-B1C0-BEDABAD28879}.Release|Any CPU.ActiveCfg = Release|Any CPU
		{23C641BB-B6D9-494D-B1C0-BEDABAD28879}.Release|Any CPU.Build.0 = Release|Any CPU
		{23C641BB-B6D9-494D-B1C0-BEDABAD28879}.Release|x64.ActiveCfg = Release|Any CPU
		{23C641BB-B6D9-494D-B1C0-BEDABAD28879}.Release|x64.Build.0 = Release|Any CPU
		{23C641BB-B6D9-494D-B1C0-BEDABAD28879}.Release|x86.ActiveCfg = Release|Any CPU
		{23C641BB-B6D9-494D-B1C0-BEDABAD28879}.Release|x86.Build.0 = Release|Any CPU
		{1AB4BD28-B50F-44FC-A55A-85B160BFA648}.Debug|Any CPU.ActiveCfg = Debug|Any CPU
		{1AB4BD28-B50F-44FC-A55A-85B160BFA648}.Debug|Any CPU.Build.0 = Debug|Any CPU
		{1AB4BD28-B50F-44FC-A55A-85B160BFA648}.Debug|x64.ActiveCfg = Debug|Any CPU
		{1AB4BD28-B50F-44FC-A55A-85B160BFA648}.Debug|x64.Build.0 = Debug|Any CPU
		{1AB4BD28-B50F-44FC-A55A-85B160BFA648}.Debug|x86.ActiveCfg = Debug|Any CPU
		{1AB4BD28-B50F-44FC-A55A-85B160BFA648}.Debug|x86.Build.0 = Debug|Any CPU
		{1AB4BD28-B50F-44FC-A55A-85B160BFA648}.Release|Any CPU.ActiveCfg = Release|Any CPU
		{1AB4BD28-B50F-44FC-A55A-85B160BFA648}.Release|Any CPU.Build.0 = Release|Any CPU
		{1AB4BD28-B50F-44FC-A55A-85B160BFA648}.Release|x64.ActiveCfg = Release|Any CPU
		{1AB4BD28-B50F-44FC-A55A-85B160BFA648}.Release|x64.Build.0 = Release|Any CPU
		{1AB4BD28-B50F-44FC-A55A-85B160BFA648}.Release|x86.ActiveCfg = Release|Any CPU
		{1AB4BD28-B50F-44FC-A55A-85B160BFA648}.Release|x86.Build.0 = Release|Any CPU
		{92E7471C-69A6-4BB6-A9BE-B06C168878AF}.Debug|Any CPU.ActiveCfg = Debug|Any CPU
		{92E7471C-69A6-4BB6-A9BE-B06C168878AF}.Debug|Any CPU.Build.0 = Debug|Any CPU
		{92E7471C-69A6-4BB6-A9BE-B06C168878AF}.Debug|x64.ActiveCfg = Debug|Any CPU
		{92E7471C-69A6-4BB6-A9BE-B06C168878AF}.Debug|x64.Build.0 = Debug|Any CPU
		{92E7471C-69A6-4BB6-A9BE-B06C168878AF}.Debug|x86.ActiveCfg = Debug|Any CPU
		{92E7471C-69A6-4BB6-A9BE-B06C168878AF}.Debug|x86.Build.0 = Debug|Any CPU
		{92E7471C-69A6-4BB6-A9BE-B06C168878AF}.Release|Any CPU.ActiveCfg = Release|Any CPU
		{92E7471C-69A6-4BB6-A9BE-B06C168878AF}.Release|Any CPU.Build.0 = Release|Any CPU
		{92E7471C-69A6-4BB6-A9BE-B06C168878AF}.Release|x64.ActiveCfg = Release|Any CPU
		{92E7471C-69A6-4BB6-A9BE-B06C168878AF}.Release|x64.Build.0 = Release|Any CPU
		{92E7471C-69A6-4BB6-A9BE-B06C168878AF}.Release|x86.ActiveCfg = Release|Any CPU
		{92E7471C-69A6-4BB6-A9BE-B06C168878AF}.Release|x86.Build.0 = Release|Any CPU
		{6F5BB761-CC19-4812-AE96-0E061A2CBE2D}.Debug|Any CPU.ActiveCfg = Debug|Any CPU
		{6F5BB761-CC19-4812-AE96-0E061A2CBE2D}.Debug|Any CPU.Build.0 = Debug|Any CPU
		{6F5BB761-CC19-4812-AE96-0E061A2CBE2D}.Debug|x64.ActiveCfg = Debug|Any CPU
		{6F5BB761-CC19-4812-AE96-0E061A2CBE2D}.Debug|x64.Build.0 = Debug|Any CPU
		{6F5BB761-CC19-4812-AE96-0E061A2CBE2D}.Debug|x86.ActiveCfg = Debug|Any CPU
		{6F5BB761-CC19-4812-AE96-0E061A2CBE2D}.Debug|x86.Build.0 = Debug|Any CPU
		{6F5BB761-CC19-4812-AE96-0E061A2CBE2D}.Release|Any CPU.ActiveCfg = Release|Any CPU
		{6F5BB761-CC19-4812-AE96-0E061A2CBE2D}.Release|Any CPU.Build.0 = Release|Any CPU
		{6F5BB761-CC19-4812-AE96-0E061A2CBE2D}.Release|x64.ActiveCfg = Release|Any CPU
		{6F5BB761-CC19-4812-AE96-0E061A2CBE2D}.Release|x64.Build.0 = Release|Any CPU
		{6F5BB761-CC19-4812-AE96-0E061A2CBE2D}.Release|x86.ActiveCfg = Release|Any CPU
		{6F5BB761-CC19-4812-AE96-0E061A2CBE2D}.Release|x86.Build.0 = Release|Any CPU
		{9B10D23E-C1C5-40F3-B097-FD120D8FC225}.Debug|Any CPU.ActiveCfg = Debug|Any CPU
		{9B10D23E-C1C5-40F3-B097-FD120D8FC225}.Debug|Any CPU.Build.0 = Debug|Any CPU
		{9B10D23E-C1C5-40F3-B097-FD120D8FC225}.Debug|x64.ActiveCfg = Debug|Any CPU
		{9B10D23E-C1C5-40F3-B097-FD120D8FC225}.Debug|x64.Build.0 = Debug|Any CPU
		{9B10D23E-C1C5-40F3-B097-FD120D8FC225}.Debug|x86.ActiveCfg = Debug|Any CPU
		{9B10D23E-C1C5-40F3-B097-FD120D8FC225}.Debug|x86.Build.0 = Debug|Any CPU
		{9B10D23E-C1C5-40F3-B097-FD120D8FC225}.Release|Any CPU.ActiveCfg = Release|Any CPU
		{9B10D23E-C1C5-40F3-B097-FD120D8FC225}.Release|Any CPU.Build.0 = Release|Any CPU
		{9B10D23E-C1C5-40F3-B097-FD120D8FC225}.Release|x64.ActiveCfg = Release|Any CPU
		{9B10D23E-C1C5-40F3-B097-FD120D8FC225}.Release|x64.Build.0 = Release|Any CPU
		{9B10D23E-C1C5-40F3-B097-FD120D8FC225}.Release|x86.ActiveCfg = Release|Any CPU
		{9B10D23E-C1C5-40F3-B097-FD120D8FC225}.Release|x86.Build.0 = Release|Any CPU
		{58DCF031-4991-47B3-B083-4D905CA91F6C}.Debug|Any CPU.ActiveCfg = Debug|Any CPU
		{58DCF031-4991-47B3-B083-4D905CA91F6C}.Debug|Any CPU.Build.0 = Debug|Any CPU
		{58DCF031-4991-47B3-B083-4D905CA91F6C}.Debug|x64.ActiveCfg = Debug|Any CPU
		{58DCF031-4991-47B3-B083-4D905CA91F6C}.Debug|x64.Build.0 = Debug|Any CPU
		{58DCF031-4991-47B3-B083-4D905CA91F6C}.Debug|x86.ActiveCfg = Debug|Any CPU
		{58DCF031-4991-47B3-B083-4D905CA91F6C}.Debug|x86.Build.0 = Debug|Any CPU
		{58DCF031-4991-47B3-B083-4D905CA91F6C}.Release|Any CPU.ActiveCfg = Release|Any CPU
		{58DCF031-4991-47B3-B083-4D905CA91F6C}.Release|Any CPU.Build.0 = Release|Any CPU
		{58DCF031-4991-47B3-B083-4D905CA91F6C}.Release|x64.ActiveCfg = Release|Any CPU
		{58DCF031-4991-47B3-B083-4D905CA91F6C}.Release|x64.Build.0 = Release|Any CPU
		{58DCF031-4991-47B3-B083-4D905CA91F6C}.Release|x86.ActiveCfg = Release|Any CPU
		{58DCF031-4991-47B3-B083-4D905CA91F6C}.Release|x86.Build.0 = Release|Any CPU
		{D48913D3-AD22-475D-BF64-19499205A443}.Debug|Any CPU.ActiveCfg = Debug|Any CPU
		{D48913D3-AD22-475D-BF64-19499205A443}.Debug|Any CPU.Build.0 = Debug|Any CPU
		{D48913D3-AD22-475D-BF64-19499205A443}.Debug|x64.ActiveCfg = Debug|Any CPU
		{D48913D3-AD22-475D-BF64-19499205A443}.Debug|x64.Build.0 = Debug|Any CPU
		{D48913D3-AD22-475D-BF64-19499205A443}.Debug|x86.ActiveCfg = Debug|Any CPU
		{D48913D3-AD22-475D-BF64-19499205A443}.Debug|x86.Build.0 = Debug|Any CPU
		{D48913D3-AD22-475D-BF64-19499205A443}.Release|Any CPU.ActiveCfg = Release|Any CPU
		{D48913D3-AD22-475D-BF64-19499205A443}.Release|Any CPU.Build.0 = Release|Any CPU
		{D48913D3-AD22-475D-BF64-19499205A443}.Release|x64.ActiveCfg = Release|Any CPU
		{D48913D3-AD22-475D-BF64-19499205A443}.Release|x64.Build.0 = Release|Any CPU
		{D48913D3-AD22-475D-BF64-19499205A443}.Release|x86.ActiveCfg = Release|Any CPU
		{D48913D3-AD22-475D-BF64-19499205A443}.Release|x86.Build.0 = Release|Any CPU
		{0CA8D31D-F8B3-45F6-850F-5A174FB6F12C}.Debug|Any CPU.ActiveCfg = Debug|Any CPU
		{0CA8D31D-F8B3-45F6-850F-5A174FB6F12C}.Debug|Any CPU.Build.0 = Debug|Any CPU
		{0CA8D31D-F8B3-45F6-850F-5A174FB6F12C}.Debug|x64.ActiveCfg = Debug|Any CPU
		{0CA8D31D-F8B3-45F6-850F-5A174FB6F12C}.Debug|x64.Build.0 = Debug|Any CPU
		{0CA8D31D-F8B3-45F6-850F-5A174FB6F12C}.Debug|x86.ActiveCfg = Debug|Any CPU
		{0CA8D31D-F8B3-45F6-850F-5A174FB6F12C}.Debug|x86.Build.0 = Debug|Any CPU
		{0CA8D31D-F8B3-45F6-850F-5A174FB6F12C}.Release|Any CPU.ActiveCfg = Release|Any CPU
		{0CA8D31D-F8B3-45F6-850F-5A174FB6F12C}.Release|Any CPU.Build.0 = Release|Any CPU
		{0CA8D31D-F8B3-45F6-850F-5A174FB6F12C}.Release|x64.ActiveCfg = Release|Any CPU
		{0CA8D31D-F8B3-45F6-850F-5A174FB6F12C}.Release|x64.Build.0 = Release|Any CPU
		{0CA8D31D-F8B3-45F6-850F-5A174FB6F12C}.Release|x86.ActiveCfg = Release|Any CPU
		{0CA8D31D-F8B3-45F6-850F-5A174FB6F12C}.Release|x86.Build.0 = Release|Any CPU
		{DBBC135B-003C-4CB1-B301-51CC9A5B444E}.Debug|Any CPU.ActiveCfg = Debug|Any CPU
		{DBBC135B-003C-4CB1-B301-51CC9A5B444E}.Debug|Any CPU.Build.0 = Debug|Any CPU
		{DBBC135B-003C-4CB1-B301-51CC9A5B444E}.Debug|x64.ActiveCfg = Debug|Any CPU
		{DBBC135B-003C-4CB1-B301-51CC9A5B444E}.Debug|x64.Build.0 = Debug|Any CPU
		{DBBC135B-003C-4CB1-B301-51CC9A5B444E}.Debug|x86.ActiveCfg = Debug|Any CPU
		{DBBC135B-003C-4CB1-B301-51CC9A5B444E}.Debug|x86.Build.0 = Debug|Any CPU
		{DBBC135B-003C-4CB1-B301-51CC9A5B444E}.Release|Any CPU.ActiveCfg = Release|Any CPU
		{DBBC135B-003C-4CB1-B301-51CC9A5B444E}.Release|Any CPU.Build.0 = Release|Any CPU
		{DBBC135B-003C-4CB1-B301-51CC9A5B444E}.Release|x64.ActiveCfg = Release|Any CPU
		{DBBC135B-003C-4CB1-B301-51CC9A5B444E}.Release|x64.Build.0 = Release|Any CPU
		{DBBC135B-003C-4CB1-B301-51CC9A5B444E}.Release|x86.ActiveCfg = Release|Any CPU
		{DBBC135B-003C-4CB1-B301-51CC9A5B444E}.Release|x86.Build.0 = Release|Any CPU
		{55F31249-D1AA-4F87-A515-BB1B2F05A823}.Debug|Any CPU.ActiveCfg = Debug|Any CPU
		{55F31249-D1AA-4F87-A515-BB1B2F05A823}.Debug|Any CPU.Build.0 = Debug|Any CPU
		{55F31249-D1AA-4F87-A515-BB1B2F05A823}.Debug|x64.ActiveCfg = Debug|Any CPU
		{55F31249-D1AA-4F87-A515-BB1B2F05A823}.Debug|x64.Build.0 = Debug|Any CPU
		{55F31249-D1AA-4F87-A515-BB1B2F05A823}.Debug|x86.ActiveCfg = Debug|Any CPU
		{55F31249-D1AA-4F87-A515-BB1B2F05A823}.Debug|x86.Build.0 = Debug|Any CPU
		{55F31249-D1AA-4F87-A515-BB1B2F05A823}.Release|Any CPU.ActiveCfg = Release|Any CPU
		{55F31249-D1AA-4F87-A515-BB1B2F05A823}.Release|Any CPU.Build.0 = Release|Any CPU
		{55F31249-D1AA-4F87-A515-BB1B2F05A823}.Release|x64.ActiveCfg = Release|Any CPU
		{55F31249-D1AA-4F87-A515-BB1B2F05A823}.Release|x64.Build.0 = Release|Any CPU
		{55F31249-D1AA-4F87-A515-BB1B2F05A823}.Release|x86.ActiveCfg = Release|Any CPU
		{55F31249-D1AA-4F87-A515-BB1B2F05A823}.Release|x86.Build.0 = Release|Any CPU
		{70C377A6-41B4-4DC7-873E-4D0A72D83453}.Debug|Any CPU.ActiveCfg = Debug|Any CPU
		{70C377A6-41B4-4DC7-873E-4D0A72D83453}.Debug|Any CPU.Build.0 = Debug|Any CPU
		{70C377A6-41B4-4DC7-873E-4D0A72D83453}.Debug|x64.ActiveCfg = Debug|Any CPU
		{70C377A6-41B4-4DC7-873E-4D0A72D83453}.Debug|x64.Build.0 = Debug|Any CPU
		{70C377A6-41B4-4DC7-873E-4D0A72D83453}.Debug|x86.ActiveCfg = Debug|Any CPU
		{70C377A6-41B4-4DC7-873E-4D0A72D83453}.Debug|x86.Build.0 = Debug|Any CPU
		{70C377A6-41B4-4DC7-873E-4D0A72D83453}.Release|Any CPU.ActiveCfg = Release|Any CPU
		{70C377A6-41B4-4DC7-873E-4D0A72D83453}.Release|Any CPU.Build.0 = Release|Any CPU
		{70C377A6-41B4-4DC7-873E-4D0A72D83453}.Release|x64.ActiveCfg = Release|Any CPU
		{70C377A6-41B4-4DC7-873E-4D0A72D83453}.Release|x64.Build.0 = Release|Any CPU
		{70C377A6-41B4-4DC7-873E-4D0A72D83453}.Release|x86.ActiveCfg = Release|Any CPU
		{70C377A6-41B4-4DC7-873E-4D0A72D83453}.Release|x86.Build.0 = Release|Any CPU
		{A3F232AA-F930-4FBF-BF30-77A8D21191CB}.Debug|Any CPU.ActiveCfg = Debug|Any CPU
		{A3F232AA-F930-4FBF-BF30-77A8D21191CB}.Debug|Any CPU.Build.0 = Debug|Any CPU
		{A3F232AA-F930-4FBF-BF30-77A8D21191CB}.Debug|x64.ActiveCfg = Debug|Any CPU
		{A3F232AA-F930-4FBF-BF30-77A8D21191CB}.Debug|x64.Build.0 = Debug|Any CPU
		{A3F232AA-F930-4FBF-BF30-77A8D21191CB}.Debug|x86.ActiveCfg = Debug|Any CPU
		{A3F232AA-F930-4FBF-BF30-77A8D21191CB}.Debug|x86.Build.0 = Debug|Any CPU
		{A3F232AA-F930-4FBF-BF30-77A8D21191CB}.Release|Any CPU.ActiveCfg = Release|Any CPU
		{A3F232AA-F930-4FBF-BF30-77A8D21191CB}.Release|Any CPU.Build.0 = Release|Any CPU
		{A3F232AA-F930-4FBF-BF30-77A8D21191CB}.Release|x64.ActiveCfg = Release|Any CPU
		{A3F232AA-F930-4FBF-BF30-77A8D21191CB}.Release|x64.Build.0 = Release|Any CPU
		{A3F232AA-F930-4FBF-BF30-77A8D21191CB}.Release|x86.ActiveCfg = Release|Any CPU
		{A3F232AA-F930-4FBF-BF30-77A8D21191CB}.Release|x86.Build.0 = Release|Any CPU
		{809327E0-D91C-4F77-A1EE-7D242D59E433}.Debug|Any CPU.ActiveCfg = Debug|Any CPU
		{809327E0-D91C-4F77-A1EE-7D242D59E433}.Debug|Any CPU.Build.0 = Debug|Any CPU
		{809327E0-D91C-4F77-A1EE-7D242D59E433}.Debug|x64.ActiveCfg = Debug|Any CPU
		{809327E0-D91C-4F77-A1EE-7D242D59E433}.Debug|x64.Build.0 = Debug|Any CPU
		{809327E0-D91C-4F77-A1EE-7D242D59E433}.Debug|x86.ActiveCfg = Debug|Any CPU
		{809327E0-D91C-4F77-A1EE-7D242D59E433}.Debug|x86.Build.0 = Debug|Any CPU
		{809327E0-D91C-4F77-A1EE-7D242D59E433}.Release|Any CPU.ActiveCfg = Release|Any CPU
		{809327E0-D91C-4F77-A1EE-7D242D59E433}.Release|Any CPU.Build.0 = Release|Any CPU
		{809327E0-D91C-4F77-A1EE-7D242D59E433}.Release|x64.ActiveCfg = Release|Any CPU
		{809327E0-D91C-4F77-A1EE-7D242D59E433}.Release|x64.Build.0 = Release|Any CPU
		{809327E0-D91C-4F77-A1EE-7D242D59E433}.Release|x86.ActiveCfg = Release|Any CPU
		{809327E0-D91C-4F77-A1EE-7D242D59E433}.Release|x86.Build.0 = Release|Any CPU
	EndGlobalSection
	GlobalSection(SolutionProperties) = preSolution
		HideSolutionNode = FALSE
	EndGlobalSection
	GlobalSection(NestedProjects) = preSolution
		{08C2289B-55F6-430A-B0A7-7524F998C44A} = {A672F943-7F37-4B6B-A0B7-A4CF13484D17}
		{0B5E10EE-9BF4-454C-83F2-5478691FC579} = {A672F943-7F37-4B6B-A0B7-A4CF13484D17}
		{EE1A0EFB-56EE-42B3-9CC7-2DD83DAFE80D} = {A672F943-7F37-4B6B-A0B7-A4CF13484D17}
		{7D97F5BB-92C6-4288-81CF-5FFCF4E77275} = {A672F943-7F37-4B6B-A0B7-A4CF13484D17}
		{CED3FCA0-CD24-4D52-A35A-E6066A610E08} = {A672F943-7F37-4B6B-A0B7-A4CF13484D17}
		{F2496035-51BC-46DC-B57E-678A66F192B9} = {A672F943-7F37-4B6B-A0B7-A4CF13484D17}
		{5AFE0F4E-BE5C-44BD-A94E-36E6971184AE} = {A672F943-7F37-4B6B-A0B7-A4CF13484D17}
		{50CC82F5-7E52-4E18-B6A5-7C5DD11ADE82} = {A672F943-7F37-4B6B-A0B7-A4CF13484D17}
		{E2B73402-A508-486A-B509-50E3265335D7} = {A672F943-7F37-4B6B-A0B7-A4CF13484D17}
		{7A163A5B-96F1-44F4-86AA-E610F93E57D3} = {A672F943-7F37-4B6B-A0B7-A4CF13484D17}
		{7BD6AF58-4FEB-46B1-9DD8-155ADFCEC56E} = {A672F943-7F37-4B6B-A0B7-A4CF13484D17}
		{4880FE89-C8F4-474F-A467-BD5B76E00E68} = {A672F943-7F37-4B6B-A0B7-A4CF13484D17}
		{EBB64595-ACDB-40B4-A632-B2EA8109E9FD} = {A672F943-7F37-4B6B-A0B7-A4CF13484D17}
		{7E9F8128-6AED-4182-86A0-51590C2E2AA7} = {A672F943-7F37-4B6B-A0B7-A4CF13484D17}
		{23C641BB-B6D9-494D-B1C0-BEDABAD28879} = {A672F943-7F37-4B6B-A0B7-A4CF13484D17}
		{1AB4BD28-B50F-44FC-A55A-85B160BFA648} = {A672F943-7F37-4B6B-A0B7-A4CF13484D17}
		{92E7471C-69A6-4BB6-A9BE-B06C168878AF} = {A672F943-7F37-4B6B-A0B7-A4CF13484D17}
		{6F5BB761-CC19-4812-AE96-0E061A2CBE2D} = {A672F943-7F37-4B6B-A0B7-A4CF13484D17}
		{9B10D23E-C1C5-40F3-B097-FD120D8FC225} = {A672F943-7F37-4B6B-A0B7-A4CF13484D17}
		{58DCF031-4991-47B3-B083-4D905CA91F6C} = {A672F943-7F37-4B6B-A0B7-A4CF13484D17}
		{D48913D3-AD22-475D-BF64-19499205A443} = {A672F943-7F37-4B6B-A0B7-A4CF13484D17}
		{0CA8D31D-F8B3-45F6-850F-5A174FB6F12C} = {A672F943-7F37-4B6B-A0B7-A4CF13484D17}
		{DBBC135B-003C-4CB1-B301-51CC9A5B444E} = {A672F943-7F37-4B6B-A0B7-A4CF13484D17}
		{55F31249-D1AA-4F87-A515-BB1B2F05A823} = {A672F943-7F37-4B6B-A0B7-A4CF13484D17}
		{70C377A6-41B4-4DC7-873E-4D0A72D83453} = {A672F943-7F37-4B6B-A0B7-A4CF13484D17}
		{A3F232AA-F930-4FBF-BF30-77A8D21191CB} = {A672F943-7F37-4B6B-A0B7-A4CF13484D17}
	EndGlobalSection
	GlobalSection(ExtensibilityGlobals) = postSolution
		SolutionGuid = {9B701D5E-FB3A-4F64-AB7D-CF437C38C50E}
	EndGlobalSection
EndGlobal
